
Microsoft Visual Studio Solution File, Format Version 12.00
# Visual Studio 2012
Project("{FAE04EC0-301F-11D3-BF4B-00C04F79EFBC}") = "Lesson7", "Lesson7.csproj", "{CEFA4A7F-5009-484D-AF52-A89F4BFFE32C}"
EndProject
Global
	GlobalSection(SolutionConfigurationPlatforms) = preSolution
		Debug|Any CPU = Debug|Any CPU
		Release|Any CPU = Release|Any CPU
	EndGlobalSection
	GlobalSection(ProjectConfigurationPlatforms) = postSolution
		{CEFA4A7F-5009-484D-AF52-A89F4BFFE32C}.Debug|Any CPU.ActiveCfg = Debug|Any CPU
		{CEFA4A7F-5009-484D-AF52-A89F4BFFE32C}.Debug|Any CPU.Build.0 = Debug|Any CPU
		{CEFA4A7F-5009-484D-AF52-A89F4BFFE32C}.Release|Any CPU.ActiveCfg = Release|Any CPU
		{CEFA4A7F-5009-484D-AF52-A89F4BFFE32C}.Release|Any CPU.Build.0 = Release|Any CPU
	EndGlobalSection
	GlobalSection(SolutionProperties) = preSolution
		HideSolutionNode = FALSE
	EndGlobalSection
EndGlobal
